version = 1
revision = 1
requires-python = ">=3.10.0"

[[package]]
name = "certifi"
version = "2026.5.20"
source = { registry = "https://pypi.org/simple" }
sdist = { url = "https://files.pythonhosted.org/packages/f3/ce/ee2ecad540810a79593028e88299baeae54d346cc7a0d94b6199988b89b1/certifi-2026.5.20.tar.gz", hash = "sha256:69dea482ab64caa7b9f6aba1c6bf48bb6a5448d1c0f1b17ab42ad8c763a5344d", size = 135422 }
wheels = [
    { url = "https://files.pythonhosted.org/packages/59/8c/57e832b7af6d7c5abe66eb3fbe3a3a32f4d11ea23a1aa7131371035be991/certifi-2026.5.20-py3-none-any.whl", hash = "sha256:3c52e209ba0a4ad7aebe60436a4ab349c39e1e602e8c134221e546902ad25897", size = 134134 },
]

[[package]]
name = "day3"
version = "0.1.0"
source = { virtual = "." }
dependencies = [
    { name = "httpx" },
]

[package.metadata]
requires-dist = [{ name = "httpx", specifier = "==1.0.dev3" }]

[[package]]
name = "httpx"
version = "1.0.dev3"
source = { registry = "https://pypi.org/simple" }
dependencies = [
    { name = "certifi" },
]
sdist = { url = "https://files.pythonhosted.org/packages/25/40/b6f25020eeafd822fc473394a5db45a5964a64c88788eb5dc49ffabb64e7/httpx-1.0.dev3.tar.gz", hash = "sha256:e95700e4f9cf6430295f4c195f9cb0ca0549bab4294927f8002bf196851d40db", size = 761377 }
wheels = [
    { url = "https://files.pythonhosted.org/packages/97/8d/ff4f018c9a813994e28fabb998f8d76542fc2b46c1210d4c1b2c615eea7f/httpx-1.0.dev3-py3-none-any.whl", hash = "sha256:80b33db1bc8e1fac2a15f419839e324d472d528822608ea6b7a93fed2011722d", size = 34319 },
]
